{
  "object" : {
    "pins" : [
      {
        "package" : "AsyncBluetooth",
        "repositoryURL" : "https://github.com/bricklife/AsyncBluetooth",
        "state" : {
          "revision" : "691b70f35a4488ffa4072f3bb0862d26fbdbbb7f",
          "version" : "1.1.0"
        }
      },
      {
        "package" : "BoostBLEKit",
        "repositoryURL" : "https://github.com/bricklife/BoostBLEKit",
        "state" : {
          "revision" : "04f0cb8284adbf972e19b93def9b23a1d98692be",
          "version" : "3.5.0"
        }
      }
    ]
  },
  "version" : 1
}
